// !$*UTF8*$!
{
	archiveVersion = 1;
	classes = {
	};
	objectVersion = 56;
	objects = {

/* Begin PBXBuildFile section */
		23DE4D9F2C74DA13006C8888 /* AppDelegate.swift in Sources */ = {isa = PBXBuildFile; fileRef = 23DE4D9E2C74DA13006C8888 /* AppDelegate.swift */; };
		23DE4DA12C74DA13006C8888 /* SceneDelegate.swift in Sources */ = {isa = PBXBuildFile; fileRef = 23DE4DA02C74DA13006C8888 /* SceneDelegate.swift */; };
		23DE4DA32C74DA13006C8888 /* ViewController.swift in Sources */ = {isa = PBXBuildFile; fileRef = 23DE4DA22C74DA13006C8888 /* ViewController.swift */; };
		23DE4DA62C74DA13006C8888 /* Base in Resources */ = {isa = PBXBuildFile; fileRef = 23DE4DA52C74DA13006C8888 /* Base */; };
		23DE4DA82C74DA13006C8888 /* Assets.xcassets in Resources */ = {isa = PBXBuildFile; fileRef = 23DE4DA72C74DA13006C8888 /* Assets.xcassets */; };
		23DE4DAB2C74DA13006C8888 /* Base in Resources */ = {isa = PBXBuildFile; fileRef = 23DE4DAA2C74DA13006C8888 /* Base */; };
		23DE4DB32C74DD65006C8888 /* Habit.swift in Sources */ = {isa = PBXBuildFile; fileRef = 23DE4DB22C74DD65006C8888 /* Habit.swift */; };
		23DE4DB72C74DE2D006C8888 /* HabitListViewController.swift in Sources */ = {isa = PBXBuildFile; fileRef = 23DE4DB62C74DE2D006C8888 /* HabitListViewController.swift */; };
		23DE4DB92C74E45F006C8888 /* HabitDetailViewController.swift in Sources */ = {isa = PBXBuildFile; fileRef = 23DE4DB82C74E45F006C8888 /* HabitDetailViewController.swift */; };
		23DE4DBB2C75E5AD006C8888 /* AddHabitViewController.swift in Sources */ = {isa = PBXBuildFile; fileRef = 23DE4DBA2C75E5AD006C8888 /* AddHabitViewController.swift */; };
		23DE4DBE2C761D2B006C8888 /* QuoteFetcher.swift in Sources */ = {isa = PBXBuildFile; fileRef = 23DE4DBD2C761D2B006C8888 /* QuoteFetcher.swift */; };
		23DE4DC02C763531006C8888 /* settingsViewController.swift in Sources */ = {isa = PBXBuildFile; fileRef = 23DE4DBF2C763531006C8888 /* settingsViewController.swift */; };
/* End PBXBuildFile section */

/* Begin PBXFileReference section */
		23DE4D9B2C74DA13006C8888 /* habitTracker.app */ = {isa = PBXFileReference; explicitFileType = wrapper.application; includeInIndex = 0; path = habitTracker.app; sourceTree = BUILT_PRODUCTS_DIR; };
		23DE4D9E2C74DA13006C8888 /* AppDelegate.swift */ = {isa = PBXFileReference; lastKnownFileType = sourcecode.swift; path = AppDelegate.swift; sourceTree = "<group>"; };
		23DE4DA02C74DA13006C8888 /* SceneDelegate.swift */ = {isa = PBXFileReference; lastKnownFileType = sourcecode.swift; path = SceneDelegate.swift; sourceTree = "<group>"; };
		23DE4DA22C74DA13006C8888 /* ViewController.swift */ = {isa = PBXFileReference; lastKnownFileType = sourcecode.swift; path = ViewController.swift; sourceTree = "<group>"; };
		23DE4DA52C74DA13006C8888 /* Base */ = {isa = PBXFileReference; lastKnownFileType = file.storyboard; name = Base; path = Base.lproj/Main.storyboard; sourceTree = "<group>"; };
		23DE4DA72C74DA13006C8888 /* Assets.xcassets */ = {isa = PBXFileReference; lastKnownFileType = folder.assetcatalog; path = Assets.xcassets; sourceTree = "<group>"; };
		23DE4DAA2C74DA13006C8888 /* Base */ = {isa = PBXFileReference; lastKnownFileType = file.storyboard; name = Base; path = Base.lproj/LaunchScreen.storyboard; sourceTree = "<group>"; };
		23DE4DAC2C74DA13006C8888 /* Info.plist */ = {isa = PBXFileReference; lastKnownFileType = text.plist.xml; path = Info.plist; sourceTree = "<group>"; };
		23DE4DB22C74DD65006C8888 /* Habit.swift */ = {isa = PBXFileReference; lastKnownFileType = sourcecode.swift; path = Habit.swift; sourceTree = "<group>"; };
		23DE4DB62C74DE2D006C8888 /* HabitListViewController.swift */ = {isa = PBXFileReference; lastKnownFileType = sourcecode.swift; path = HabitListViewController.swift; sourceTree = "<group>"; };
		23DE4DB82C74E45F006C8888 /* HabitDetailViewController.swift */ = {isa = PBXFileReference; lastKnownFileType = sourcecode.swift; path = HabitDetailViewController.swift; sourceTree = "<group>"; };
		23DE4DBA2C75E5AD006C8888 /* AddHabitViewController.swift */ = {isa = PBXFileReference; lastKnownFileType = sourcecode.swift; path = AddHabitViewController.swift; sourceTree = "<group>"; };
		23DE4DBD2C761D2B006C8888 /* QuoteFetcher.swift */ = {isa = PBXFileReference; lastKnownFileType = sourcecode.swift; path = QuoteFetcher.swift; sourceTree = "<group>"; };
		23DE4DBF2C763531006C8888 /* settingsViewController.swift */ = {isa = PBXFileReference; lastKnownFileType = sourcecode.swift; path = settingsViewController.swift; sourceTree = "<group>"; };
/* End PBXFileReference section */

/* Begin PBXFrameworksBuildPhase section */
		23DE4D982C74DA13006C8888 /* Frameworks */ = {
			isa = PBXFrameworksBuildPhase;
			buildActionMask = 2147483647;
			files = (
			);
			runOnlyForDeploymentPostprocessing = 0;
		};
/* End PBXFrameworksBuildPhase section */

/* Begin PBXGroup section */
		23DE4D922C74DA13006C8888 = {
			isa = PBXGroup;
			children = (
				23DE4D9D2C74DA13006C8888 /* habitTracker */,
				23DE4D9C2C74DA13006C8888 /* Products */,
			);
			sourceTree = "<group>";
		};
		23DE4D9C2C74DA13006C8888 /* Products */ = {
			isa = PBXGroup;
			children = (
				23DE4D9B2C74DA13006C8888 /* habitTracker.app */,
			);
			name = Products;
			sourceTree = "<group>";
		};
		23DE4D9D2C74DA13006C8888 /* habitTracker */ = {
			isa = PBXGroup;
			children = (
				23DE4D9E2C74DA13006C8888 /* AppDelegate.swift */,
				23DE4DA02C74DA13006C8888 /* SceneDelegate.swift */,
				23DE4DA22C74DA13006C8888 /* ViewController.swift */,
				23DE4DA42C74DA13006C8888 /* Main.storyboard */,
				23DE4DB22C74DD65006C8888 /* Habit.swift */,
				23DE4DB62C74DE2D006C8888 /* HabitListViewController.swift */,
				23DE4DB82C74E45F006C8888 /* HabitDetailViewController.swift */,
				23DE4DBA2C75E5AD006C8888 /* AddHabitViewController.swift */,
				23DE4DBF2C763531006C8888 /* settingsViewController.swift */,
				23DE4DBD2C761D2B006C8888 /* QuoteFetcher.swift */,
				23DE4DA72C74DA13006C8888 /* Assets.xcassets */,
				23DE4DA92C74DA13006C8888 /* LaunchScreen.storyboard */,
				23DE4DAC2C74DA13006C8888 /* Info.plist */,
			);
			path = habitTracker;
			sourceTree = "<group>";
		};
/* End PBXGroup section */

/* Begin PBXNativeTarget section */
		23DE4D9A2C74DA13006C8888 /* habitTracker */ = {
			isa = PBXNativeTarget;
			buildConfigurationList = 23DE4DAF2C74DA13006C8888 /* Build configuration list for PBXNativeTarget "habitTracker" */;
			buildPhases = (
				23DE4D972C74DA13006C8888 /* Sources */,
				23DE4D982C74DA13006C8888 /* Frameworks */,
				23DE4D992C74DA13006C8888 /* Resources */,
			);
			buildRules = (
			);
			dependencies = (
			);
			name = habitTracker;
			productName = habitTracker;
			productReference = 23DE4D9B2C74DA13006C8888 /* habitTracker.app */;
			productType = "com.apple.product-type.application";
		};
/* End PBXNativeTarget section */

/* Begin PBXProject section */
		23DE4D932C74DA13006C8888 /* Project object */ = {
			isa = PBXProject;
			attributes = {
				BuildIndependentTargetsInParallel = 1;
				LastSwiftUpdateCheck = 1540;
				LastUpgradeCheck = 1540;
				TargetAttributes = {
					23DE4D9A2C74DA13006C8888 = {
						CreatedOnToolsVersion = 15.4;
					};
				};
			};
			buildConfigurationList = 23DE4D962C74DA13006C8888 /* Build configuration list for PBXProject "habitTracker" */;
			compatibilityVersion = "Xcode 14.0";
			developmentRegion = en;
			hasScannedForEncodings = 0;
			knownRegions = (
				en,
				Base,
			);
			mainGroup = 23DE4D922C74DA13006C8888;
			productRefGroup = 23DE4D9C2C74DA13006C8888 /* Products */;
			projectDirPath = "";
			projectRoot = "";
			targets = (
				23DE4D9A2C74DA13006C8888 /* habitTracker */,
			);
		};
/* End PBXProject section */

/* Begin PBXResourcesBuildPhase section */
		23DE4D992C74DA13006C8888 /* Resources */ = {
			isa = PBXResourcesBuildPhase;
			buildActionMask = 2147483647;
			files = (
				23DE4DA82C74DA13006C8888 /* Assets.xcassets in Resources */,
				23DE4DAB2C74DA13006C8888 /* Base in Resources */,
				23DE4DA62C74DA13006C8888 /* Base in Resources */,
			);
			runOnlyForDeploymentPostprocessing = 0;
		};
/* End PBXResourcesBuildPhase section */

/* Begin PBXSourcesBuildPhase section */
		23DE4D972C74DA13006C8888 /* Sources */ = {
			isa = PBXSourcesBuildPhase;
			buildActionMask = 2147483647;
			files = (
				23DE4DB92C74E45F006C8888 /* HabitDetailViewController.swift in Sources */,
				23DE4DA32C74DA13006C8888 /* ViewController.swift in Sources */,
				23DE4DC02C763531006C8888 /* settingsViewController.swift in Sources */,
				23DE4D9F2C74DA13006C8888 /* AppDelegate.swift in Sources */,
				23DE4DB32C74DD65006C8888 /* Habit.swift in Sources */,
				23DE4DBE2C761D2B006C8888 /* QuoteFetcher.swift in Sources */,
				23DE4DB72C74DE2D006C8888 /* HabitListViewController.swift in Sources */,
				23DE4DBB2C75E5AD006C8888 /* AddHabitViewController.swift in Sources */,
				23DE4DA12C74DA13006C8888 /* SceneDelegate.swift in Sources */,
			);
			runOnlyForDeploymentPostprocessing = 0;
		};
/* End PBXSourcesBuildPhase section */

/* Begin PBXVariantGroup section */
		23DE4DA42C74DA13006C8888 /* Main.storyboard */ = {
			isa = PBXVariantGroup;
			children = (
				23DE4DA52C74DA13006C8888 /* Base */,
			);
			name = Main.storyboard;
			sourceTree = "<group>";
		};
		23DE4DA92C74DA13006C8888 /* LaunchScreen.storyboard */ = {
			isa = PBXVariantGroup;
			children = (
				23DE4DAA2C74DA13006C8888 /* Base */,
			);
			name = LaunchScreen.storyboard;
			sourceTree = "<group>";
		};
/* End PBXVariantGroup section */

/* Begin XCBuildConfiguration section */
		23DE4DAD2C74DA13006C8888 /* Debug */ = {
			isa = XCBuildConfiguration;
			buildSettings = {
				ALWAYS_SEARCH_USER_PATHS = NO;
				ASSETCATALOG_COMPILER_GENERATE_SWIFT_ASSET_SYMBOL_EXTENSIONS = YES;
				CLANG_ANALYZER_NONNULL = YES;
				CLANG_ANALYZER_NUMBER_OBJECT_CONVERSION = YES_AGGRESSIVE;
				CLANG_CXX_LANGUAGE_STANDARD = "gnu++20";
				CLANG_ENABLE_MODULES = YES;
				CLANG_ENABLE_OBJC_ARC = YES;
				CLANG_ENABLE_OBJC_WEAK = YES;
				CLANG_WARN_BLOCK_CAPTURE_AUTORELEASING = YES;
				CLANG_WARN_BOOL_CONVERSION = YES;
				CLANG_WARN_COMMA = YES;
				CLANG_WARN_CONSTANT_CONVERSION = YES;
				CLANG_WARN_DEPRECATED_OBJC_IMPLEMENTATIONS = YES;
				CLANG_WARN_DIRECT_OBJC_ISA_USAGE = YES_ERROR;
				CLANG_WARN_DOCUMENTATION_COMMENTS = YES;
				CLANG_WARN_EMPTY_BODY = YES;
				CLANG_WARN_ENUM_CONVERSION = YES;
				CLANG_WARN_INFINITE_RECURSION = YES;
				CLANG_WARN_INT_CONVERSION = YES;
				CLANG_WARN_NON_LITERAL_NULL_CONVERSION = YES;
				CLANG_WARN_OBJC_IMPLICIT_RETAIN_SELF = YES;
				CLANG_WARN_OBJC_LITERAL_CONVERSION = YES;
				CLANG_WARN_OBJC_ROOT_CLASS = YES_ERROR;
				CLANG_WARN_QUOTED_INCLUDE_IN_FRAMEWORK_HEADER = YES;
				CLANG_WARN_RANGE_LOOP_ANALYSIS = YES;
				CLANG_WARN_STRICT_PROTOTYPES = YES;
				CLANG_WARN_SUSPICIOUS_MOVE = YES;
				CLANG_WARN_UNGUARDED_AVAILABILITY = YES_AGGRESSIVE;
				CLANG_WARN_UNREACHABLE_CODE = YES;
				CLANG_WARN__DUPLICATE_METHOD_MATCH = YES;
				COPY_PHASE_STRIP = NO;
				DEBUG_INFORMATION_FORMAT = dwarf;
				ENABLE_STRICT_OBJC_MSGSEND = YES;
				ENABLE_TESTABILITY = YES;
				ENABLE_USER_SCRIPT_SANDBOXING = YES;
				GCC_C_LANGUAGE_STANDARD = gnu17;
				GCC_DYNAMIC_NO_PIC = NO;
				GCC_NO_COMMON_BLOCKS = YES;
				GCC_OPTIMIZATION_LEVEL = 0;
				GCC_PREPROCESSOR_DEFINITIONS = (
					"DEBUG=1",
					"$(inherited)",
				);
				GCC_WARN_64_TO_32_BIT_CONVERSION = YES;
				GCC_WARN_ABOUT_RETURN_TYPE = YES_ERROR;
				GCC_WARN_UNDECLARED_SELECTOR = YES;
				GCC_WARN_UNINITIALIZED_AUTOS = YES_AGGRESSIVE;
				GCC_WARN_UNUSED_FUNCTION = YES;
				GCC_WARN_UNUSED_VARIABLE = YES;
				IPHONEOS_DEPLOYMENT_TARGET = 17.5;
				LOCALIZATION_PREFERS_STRING_CATALOGS = YES;
				MTL_ENABLE_DEBUG_INFO = INCLUDE_SOURCE;
				MTL_FAST_MATH = YES;
				ONLY_ACTIVE_ARCH = YES;
				SDKROOT = iphoneos;
				SWIFT_ACTIVE_COMPILATION_CONDITIONS = "DEBUG $(inherited)";
				SWIFT_OPTIMIZATION_LEVEL = "-Onone";
			};
			name = Debug;
		};
		23DE4DAE2C74DA13006C8888 /* Release */ = {
			isa = XCBuildConfiguration;
			buildSettings = {
				ALWAYS_SEARCH_USER_PATHS = NO;
				ASSETCATALOG_COMPILER_GENERATE_SWIFT_ASSET_SYMBOL_EXTENSIONS = YES;
				CLANG_ANALYZER_NONNULL = YES;
				CLANG_ANALYZER_NUMBER_OBJECT_CONVERSION = YES_AGGRESSIVE;
				CLANG_CXX_LANGUAGE_STANDARD = "gnu++20";
				CLANG_ENABLE_MODULES = YES;
				CLANG_ENABLE_OBJC_ARC = YES;
				CLANG_ENABLE_OBJC_WEAK = YES;
				CLANG_WARN_BLOCK_CAPTURE_AUTORELEASING = YES;
				CLANG_WARN_BOOL_CONVERSION = YES;
				CLANG_WARN_COMMA = YES;
				CLANG_WARN_CONSTANT_CONVERSION = YES;
				CLANG_WARN_DEPRECATED_OBJC_IMPLEMENTATIONS = YES;
				CLANG_WARN_DIRECT_OBJC_ISA_USAGE = YES_ERROR;
				CLANG_WARN_DOCUMENTATION_COMMENTS = YES;
				CLANG_WARN_EMPTY_BODY = YES;
				CLANG_WARN_ENUM_CONVERSION = YES;
				CLANG_WARN_INFINITE_RECURSION = YES;
				CLANG_WARN_INT_CONVERSION = YES;
				CLANG_WARN_NON_LITERAL_NULL_CONVERSION = YES;
				CLANG_WARN_OBJC_IMPLICIT_RETAIN_SELF = YES;
				CLANG_WARN_OBJC_LITERAL_CONVERSION = YES;
				CLANG_WARN_OBJC_ROOT_CLASS = YES_ERROR;
				CLANG_WARN_QUOTED_INCLUDE_IN_FRAMEWORK_HEADER = YES;
				CLANG_WARN_RANGE_LOOP_ANALYSIS = YES;
				CLANG_WARN_STRICT_PROTOTYPES = YES;
				CLANG_WARN_SUSPICIOUS_MOVE = YES;
				CLANG_WARN_UNGUARDED_AVAILABILITY = YES_AGGRESSIVE;
				CLANG_WARN_UNREACHABLE_CODE = YES;
				CLANG_WARN__DUPLICATE_METHOD_MATCH = YES;
				COPY_PHASE_STRIP = NO;
				DEBUG_INFORMATION_FORMAT = "dwarf-with-dsym";
				ENABLE_NS_ASSERTIONS = NO;
				ENABLE_STRICT_OBJC_MSGSEND = YES;
				ENABLE_USER_SCRIPT_SANDBOXING = YES;
				GCC_C_LANGUAGE_STANDARD = gnu17;
				GCC_NO_COMMON_BLOCKS = YES;
				GCC_WARN_64_TO_32_BIT_CONVERSION = YES;
				GCC_WARN_ABOUT_RETURN_TYPE = YES_ERROR;
				GCC_WARN_UNDECLARED_SELECTOR = YES;
				GCC_WARN_UNINITIALIZED_AUTOS = YES_AGGRESSIVE;
				GCC_WARN_UNUSED_FUNCTION = YES;
				GCC_WARN_UNUSED_VARIABLE = YES;
				IPHONEOS_DEPLOYMENT_TARGET = 17.5;
				LOCALIZATION_PREFERS_STRING_CATALOGS = YES;
				MTL_ENABLE_DEBUG_INFO = NO;
				MTL_FAST_MATH = YES;
				SDKROOT = iphoneos;
				SWIFT_COMPILATION_MODE = wholemodule;
				VALIDATE_PRODUCT = YES;
			};
			name = Release;
		};
		23DE4DB02C74DA13006C8888 /* Debug */ = {
			isa = XCBuildConfiguration;
			buildSettings = {
				ASSETCATALOG_COMPILER_APPICON_NAME = AppIcon;
				ASSETCATALOG_COMPILER_GLOBAL_ACCENT_COLOR_NAME = AccentColor;
				CODE_SIGN_STYLE = Automatic;
				CURRENT_PROJECT_VERSION = 1;
				DEVELOPMENT_TEAM = BDDP6C7KS5;
				GENERATE_INFOPLIST_FILE = YES;
				INFOPLIST_FILE = habitTracker/Info.plist;
				INFOPLIST_KEY_UIApplicationSupportsIndirectInputEvents = YES;
				INFOPLIST_KEY_UILaunchStoryboardName = LaunchScreen;
				INFOPLIST_KEY_UIMainStoryboardFile = Main;
				INFOPLIST_KEY_UISupportedInterfaceOrientations_iPad = "UIInterfaceOrientationPortrait UIInterfaceOrientationPortraitUpsideDown UIInterfaceOrientationLandscapeLeft UIInterfaceOrientationLandscapeRight";
				INFOPLIST_KEY_UISupportedInterfaceOrientations_iPhone = "UIInterfaceOrientationPortrait UIInterfaceOrientationLandscapeLeft UIInterfaceOrientationLandscapeRight";
				LD_RUNPATH_SEARCH_PATHS = (
					"$(inherited)",
					"@executable_path/Frameworks",
				);
				MARKETING_VERSION = 1.0;
				PRODUCT_BUNDLE_IDENTIFIER = djordjeArandjelovic.habitTracker;
				PRODUCT_NAME = "$(TARGET_NAME)";
				SWIFT_EMIT_LOC_STRINGS = YES;
				SWIFT_VERSION = 5.0;
				TARGETED_DEVICE_FAMILY = "1,2";
			};
			name = Debug;
		};
		23DE4DB12C74DA13006C8888 /* Release */ = {
			isa = XCBuildConfiguration;
			buildSettings = {
				ASSETCATALOG_COMPILER_APPICON_NAME = AppIcon;
				ASSETCATALOG_COMPILER_GLOBAL_ACCENT_COLOR_NAME = AccentColor;
				CODE_SIGN_STYLE = Automatic;
				CURRENT_PROJECT_VERSION = 1;
				DEVELOPMENT_TEAM = BDDP6C7KS5;
				GENERATE_INFOPLIST_FILE = YES;
				INFOPLIST_FILE = habitTracker/Info.plist;
				INFOPLIST_KEY_UIApplicationSupportsIndirectInputEvents = YES;
				INFOPLIST_KEY_UILaunchStoryboardName = LaunchScreen;
				INFOPLIST_KEY_UIMainStoryboardFile = Main;
				INFOPLIST_KEY_UISupportedInterfaceOrientations_iPad = "UIInterfaceOrientationPortrait UIInterfaceOrientationPortraitUpsideDown UIInterfaceOrientationLandscapeLeft UIInterfaceOrientationLandscapeRight";
				INFOPLIST_KEY_UISupportedInterfaceOrientations_iPhone = "UIInterfaceOrientationPortrait UIInterfaceOrientationLandscapeLeft UIInterfaceOrientationLandscapeRight";
				LD_RUNPATH_SEARCH_PATHS = (
					"$(inherited)",
					"@executable_path/Frameworks",
				);
				MARKETING_VERSION = 1.0;
				PRODUCT_BUNDLE_IDENTIFIER = djordjeArandjelovic.habitTracker;
				PRODUCT_NAME = "$(TARGET_NAME)";
				SWIFT_EMIT_LOC_STRINGS = YES;
				SWIFT_VERSION = 5.0;
				TARGETED_DEVICE_FAMILY = "1,2";
			};
			name = Release;
		};
/* End XCBuildConfiguration section */

/* Begin XCConfigurationList section */
		23DE4D962C74DA13006C8888 /* Build configuration list for PBXProject "habitTracker" */ = {
			isa = XCConfigurationList;
			buildConfigurations = (
				23DE4DAD2C74DA13006C8888 /* Debug */,
				23DE4DAE2C74DA13006C8888 /* Release */,
			);
			defaultConfigurationIsVisible = 0;
			defaultConfigurationName = Release;
		};
		23DE4DAF2C74DA13006C8888 /* Build configuration list for PBXNativeTarget "habitTracker" */ = {
			isa = XCConfigurationList;
			buildConfigurations = (
				23DE4DB02C74DA13006C8888 /* Debug */,
				23DE4DB12C74DA13006C8888 /* Release */,
			);
			defaultConfigurationIsVisible = 0;
			defaultConfigurationName = Release;
		};
/* End XCConfigurationList section */
	};
	rootObject = 23DE4D932C74DA13006C8888 /* Project object */;
}
